// !$*UTF8*$!
{
	archiveVersion = 1;
	classes = {
	};
	objectVersion = 56;
	objects = {

/* Begin PBXBuildFile section */
		BF63A1A829426BC9000692CE /* AppDelegate.swift in Sources */ = {isa = PBXBuildFile; fileRef = BF63A1A729426BC9000692CE /* AppDelegate.swift */; };
		BF63A1AA29426BC9000692CE /* SceneDelegate.swift in Sources */ = {isa = PBXBuildFile; fileRef = BF63A1A929426BC9000692CE /* SceneDelegate.swift */; };
		BF63A1AC29426BC9000692CE /* ViewController.swift in Sources */ = {isa = PBXBuildFile; fileRef = BF63A1AB29426BC9000692CE /* ViewController.swift */; };
		BF63A1AF29426BC9000692CE /* Main.storyboard in Resources */ = {isa = PBXBuildFile; fileRef = BF63A1AD29426BC9000692CE /* Main.storyboard */; };
		BF63A1B229426BC9000692CE /* Faith_sApp.xcdatamodeld in Sources */ = {isa = PBXBuildFile; fileRef = BF63A1B029426BC9000692CE /* Faith_sApp.xcdatamodeld */; };
		BF63A1B429426BCA000692CE /* Assets.xcassets in Resources */ = {isa = PBXBuildFile; fileRef = BF63A1B329426BCA000692CE /* Assets.xcassets */; };
		BF63A1B729426BCA000692CE /* LaunchScreen.storyboard in Resources */ = {isa = PBXBuildFile; fileRef = BF63A1B529426BCA000692CE /* LaunchScreen.storyboard */; };
		BF63A1C229426BCA000692CE /* Faith_sAppTests.swift in Sources */ = {isa = PBXBuildFile; fileRef = BF63A1C129426BCA000692CE /* Faith_sAppTests.swift */; };
		BF63A1CC29426BCA000692CE /* Faith_sAppUITests.swift in Sources */ = {isa = PBXBuildFile; fileRef = BF63A1CB29426BCA000692CE /* Faith_sAppUITests.swift */; };
		BF63A1CE29426BCA000692CE /* Faith_sAppUITestsLaunchTests.swift in Sources */ = {isa = PBXBuildFile; fileRef = BF63A1CD29426BCA000692CE /* Faith_sAppUITestsLaunchTests.swift */; };
/* End PBXBuildFile section */

/* Begin PBXContainerItemProxy section */
		BF63A1BE29426BCA000692CE /* PBXContainerItemProxy */ = {
			isa = PBXContainerItemProxy;
			containerPortal = BF63A19C29426BC9000692CE /* Project object */;
			proxyType = 1;
			remoteGlobalIDString = BF63A1A329426BC9000692CE;
			remoteInfo = "Faith'sApp";
		};
		BF63A1C829426BCA000692CE /* PBXContainerItemProxy */ = {
			isa = PBXContainerItemProxy;
			containerPortal = BF63A19C29426BC9000692CE /* Project object */;
			proxyType = 1;
			remoteGlobalIDString = BF63A1A329426BC9000692CE;
			remoteInfo = "Faith'sApp";
		};
/* End PBXContainerItemProxy section */

/* Begin PBXFileReference section */
		BF63A1A429426BC9000692CE /* Faith'sApp.app */ = {isa = PBXFileReference; explicitFileType = wrapper.application; includeInIndex = 0; path = "Faith'sApp.app"; sourceTree = BUILT_PRODUCTS_DIR; };
		BF63A1A729426BC9000692CE /* AppDelegate.swift */ = {isa = PBXFileReference; lastKnownFileType = sourcecode.swift; path = AppDelegate.swift; sourceTree = "<group>"; };
		BF63A1A929426BC9000692CE /* SceneDelegate.swift */ = {isa = PBXFileReference; lastKnownFileType = sourcecode.swift; path = SceneDelegate.swift; sourceTree = "<group>"; };
		BF63A1AB29426BC9000692CE /* ViewController.swift */ = {isa = PBXFileReference; lastKnownFileType = sourcecode.swift; path = ViewController.swift; sourceTree = "<group>"; };
		BF63A1AE29426BC9000692CE /* Base */ = {isa = PBXFileReference; lastKnownFileType = file.storyboard; name = Base; path = Base.lproj/Main.storyboard; sourceTree = "<group>"; };
		BF63A1B129426BC9000692CE /* Faith_sApp.xcdatamodel */ = {isa = PBXFileReference; lastKnownFileType = wrapper.xcdatamodel; path = Faith_sApp.xcdatamodel; sourceTree = "<group>"; };
		BF63A1B329426BCA000692CE /* Assets.xcassets */ = {isa = PBXFileReference; lastKnownFileType = folder.assetcatalog; path = Assets.xcassets; sourceTree = "<group>"; };
		BF63A1B629426BCA000692CE /* Base */ = {isa = PBXFileReference; lastKnownFileType = file.storyboard; name = Base; path = Base.lproj/LaunchScreen.storyboard; sourceTree = "<group>"; };
		BF63A1B829426BCA000692CE /* Info.plist */ = {isa = PBXFileReference; lastKnownFileType = text.plist.xml; path = Info.plist; sourceTree = "<group>"; };
		BF63A1BD29426BCA000692CE /* Faith'sAppTests.xctest */ = {isa = PBXFileReference; explicitFileType = wrapper.cfbundle; includeInIndex = 0; path = "Faith'sAppTests.xctest"; sourceTree = BUILT_PRODUCTS_DIR; };
		BF63A1C129426BCA000692CE /* Faith_sAppTests.swift */ = {isa = PBXFileReference; lastKnownFileType = sourcecode.swift; path = Faith_sAppTests.swift; sourceTree = "<group>"; };
		BF63A1C729426BCA000692CE /* Faith'sAppUITests.xctest */ = {isa = PBXFileReference; explicitFileType = wrapper.cfbundle; includeInIndex = 0; path = "Faith'sAppUITests.xctest"; sourceTree = BUILT_PRODUCTS_DIR; };
		BF63A1CB29426BCA000692CE /* Faith_sAppUITests.swift */ = {isa = PBXFileReference; lastKnownFileType = sourcecode.swift; path = Faith_sAppUITests.swift; sourceTree = "<group>"; };
		BF63A1CD29426BCA000692CE /* Faith_sAppUITestsLaunchTests.swift */ = {isa = PBXFileReference; lastKnownFileType = sourcecode.swift; path = Faith_sAppUITestsLaunchTests.swift; sourceTree = "<group>"; };
/* End PBXFileReference section */

/* Begin PBXFrameworksBuildPhase section */
		BF63A1A129426BC9000692CE /* Frameworks */ = {
			isa = PBXFrameworksBuildPhase;
			buildActionMask = 2147483647;
			files = (
			);
			runOnlyForDeploymentPostprocessing = 0;
		};
		BF63A1BA29426BCA000692CE /* Frameworks */ = {
			isa = PBXFrameworksBuildPhase;
			buildActionMask = 2147483647;
			files = (
			);
			runOnlyForDeploymentPostprocessing = 0;
		};
		BF63A1C429426BCA000692CE /* Frameworks */ = {
			isa = PBXFrameworksBuildPhase;
			buildActionMask = 2147483647;
			files = (
			);
			runOnlyForDeploymentPostprocessing = 0;
		};
/* End PBXFrameworksBuildPhase section */

/* Begin PBXGroup section */
		BF63A19B29426BC9000692CE = {
			isa = PBXGroup;
			children = (
				BF63A1A629426BC9000692CE /* Faith'sApp */,
				BF63A1C029426BCA000692CE /* Faith'sAppTests */,
				BF63A1CA29426BCA000692CE /* Faith'sAppUITests */,
				BF63A1A529426BC9000692CE /* Products */,
			);
			sourceTree = "<group>";
		};
		BF63A1A529426BC9000692CE /* Products */ = {
			isa = PBXGroup;
			children = (
				BF63A1A429426BC9000692CE /* Faith'sApp.app */,
				BF63A1BD29426BCA000692CE /* Faith'sAppTests.xctest */,
				BF63A1C729426BCA000692CE /* Faith'sAppUITests.xctest */,
			);
			name = Products;
			sourceTree = "<group>";
		};
		BF63A1A629426BC9000692CE /* Faith'sApp */ = {
			isa = PBXGroup;
			children = (
				BF63A1A729426BC9000692CE /* AppDelegate.swift */,
				BF63A1A929426BC9000692CE /* SceneDelegate.swift */,
				BF63A1AB29426BC9000692CE /* ViewController.swift */,
				BF63A1AD29426BC9000692CE /* Main.storyboard */,
				BF63A1B329426BCA000692CE /* Assets.xcassets */,
				BF63A1B529426BCA000692CE /* LaunchScreen.storyboard */,
				BF63A1B829426BCA000692CE /* Info.plist */,
				BF63A1B029426BC9000692CE /* Faith_sApp.xcdatamodeld */,
			);
			path = "Faith'sApp";
			sourceTree = "<group>";
		};
		BF63A1C029426BCA000692CE /* Faith'sAppTests */ = {
			isa = PBXGroup;
			children = (
				BF63A1C129426BCA000692CE /* Faith_sAppTests.swift */,
			);
			path = "Faith'sAppTests";
			sourceTree = "<group>";
		};
		BF63A1CA29426BCA000692CE /* Faith'sAppUITests */ = {
			isa = PBXGroup;
			children = (
				BF63A1CB29426BCA000692CE /* Faith_sAppUITests.swift */,
				BF63A1CD29426BCA000692CE /* Faith_sAppUITestsLaunchTests.swift */,
			);
			path = "Faith'sAppUITests";
			sourceTree = "<group>";
		};
/* End PBXGroup section */

/* Begin PBXNativeTarget section */
		BF63A1A329426BC9000692CE /* Faith'sApp */ = {
			isa = PBXNativeTarget;
			buildConfigurationList = BF63A1D129426BCA000692CE /* Build configuration list for PBXNativeTarget "Faith'sApp" */;
			buildPhases = (
				BF63A1A029426BC9000692CE /* Sources */,
				BF63A1A129426BC9000692CE /* Frameworks */,
				BF63A1A229426BC9000692CE /* Resources */,
			);
			buildRules = (
			);
			dependencies = (
			);
			name = "Faith'sApp";
			productName = "Faith'sApp";
			productReference = BF63A1A429426BC9000692CE /* Faith'sApp.app */;
			productType = "com.apple.product-type.application";
		};
		BF63A1BC29426BCA000692CE /* Faith'sAppTests */ = {
			isa = PBXNativeTarget;
			buildConfigurationList = BF63A1D429426BCA000692CE /* Build configuration list for PBXNativeTarget "Faith'sAppTests" */;
			buildPhases = (
				BF63A1B929426BCA000692CE /* Sources */,
				BF63A1BA29426BCA000692CE /* Frameworks */,
				BF63A1BB29426BCA000692CE /* Resources */,
			);
			buildRules = (
			);
			dependencies = (
				BF63A1BF29426BCA000692CE /* PBXTargetDependency */,
			);
			name = "Faith'sAppTests";
			productName = "Faith'sAppTests";
			productReference = BF63A1BD29426BCA000692CE /* Faith'sAppTests.xctest */;
			productType = "com.apple.product-type.bundle.unit-test";
		};
		BF63A1C629426BCA000692CE /* Faith'sAppUITests */ = {
			isa = PBXNativeTarget;
			buildConfigurationList = BF63A1D729426BCA000692CE /* Build configuration list for PBXNativeTarget "Faith'sAppUITests" */;
			buildPhases = (
				BF63A1C329426BCA000692CE /* Sources */,
				BF63A1C429426BCA000692CE /* Frameworks */,
				BF63A1C529426BCA000692CE /* Resources */,
			);
			buildRules = (
			);
			dependencies = (
				BF63A1C929426BCA000692CE /* PBXTargetDependency */,
			);
			name = "Faith'sAppUITests";
			productName = "Faith'sAppUITests";
			productReference = BF63A1C729426BCA000692CE /* Faith'sAppUITests.xctest */;
			productType = "com.apple.product-type.bundle.ui-testing";
		};
/* End PBXNativeTarget section */

/* Begin PBXProject section */
		BF63A19C29426BC9000692CE /* Project object */ = {
			isa = PBXProject;
			attributes = {
				BuildIndependentTargetsInParallel = 1;
				LastSwiftUpdateCheck = 1410;
				LastUpgradeCheck = 1410;
				TargetAttributes = {
					BF63A1A329426BC9000692CE = {
						CreatedOnToolsVersion = 14.1;
					};
					BF63A1BC29426BCA000692CE = {
						CreatedOnToolsVersion = 14.1;
						TestTargetID = BF63A1A329426BC9000692CE;
					};
					BF63A1C629426BCA000692CE = {
						CreatedOnToolsVersion = 14.1;
						TestTargetID = BF63A1A329426BC9000692CE;
					};
				};
			};
			buildConfigurationList = BF63A19F29426BC9000692CE /* Build configuration list for PBXProject "Faith'sApp" */;
			compatibilityVersion = "Xcode 14.0";
			developmentRegion = en;
			hasScannedForEncodings = 0;
			knownRegions = (
				en,
				Base,
			);
			mainGroup = BF63A19B29426BC9000692CE;
			productRefGroup = BF63A1A529426BC9000692CE /* Products */;
			projectDirPath = "";
			projectRoot = "";
			targets = (
				BF63A1A329426BC9000692CE /* Faith'sApp */,
				BF63A1BC29426BCA000692CE /* Faith'sAppTests */,
				BF63A1C629426BCA000692CE /* Faith'sAppUITests */,
			);
		};
/* End PBXProject section */

/* Begin PBXResourcesBuildPhase section */
		BF63A1A229426BC9000692CE /* Resources */ = {
			isa = PBXResourcesBuildPhase;
			buildActionMask = 2147483647;
			files = (
				BF63A1B729426BCA000692CE /* LaunchScreen.storyboard in Resources */,
				BF63A1B429426BCA000692CE /* Assets.xcassets in Resources */,
				BF63A1AF29426BC9000692CE /* Main.storyboard in Resources */,
			);
			runOnlyForDeploymentPostprocessing = 0;
		};
		BF63A1BB29426BCA000692CE /* Resources */ = {
			isa = PBXResourcesBuildPhase;
			buildActionMask = 2147483647;
			files = (
			);
			runOnlyForDeploymentPostprocessing = 0;
		};
		BF63A1C529426BCA000692CE /* Resources */ = {
			isa = PBXResourcesBuildPhase;
			buildActionMask = 2147483647;
			files = (
			);
			runOnlyForDeploymentPostprocessing = 0;
		};
/* End PBXResourcesBuildPhase section */

/* Begin PBXSourcesBuildPhase section */
		BF63A1A029426BC9000692CE /* Sources */ = {
			isa = PBXSourcesBuildPhase;
			buildActionMask = 2147483647;
			files = (
				BF63A1AC29426BC9000692CE /* ViewController.swift in Sources */,
				BF63A1A829426BC9000692CE /* AppDelegate.swift in Sources */,
				BF63A1B229426BC9000692CE /* Faith_sApp.xcdatamodeld in Sources */,
				BF63A1AA29426BC9000692CE /* SceneDelegate.swift in Sources */,
			);
			runOnlyForDeploymentPostprocessing = 0;
		};
		BF63A1B929426BCA000692CE /* Sources */ = {
			isa = PBXSourcesBuildPhase;
			buildActionMask = 2147483647;
			files = (
				BF63A1C229426BCA000692CE /* Faith_sAppTests.swift in Sources */,
			);
			runOnlyForDeploymentPostprocessing = 0;
		};
		BF63A1C329426BCA000692CE /* Sources */ = {
			isa = PBXSourcesBuildPhase;
			buildActionMask = 2147483647;
			files = (
				BF63A1CC29426BCA000692CE /* Faith_sAppUITests.swift in Sources */,
				BF63A1CE29426BCA000692CE /* Faith_sAppUITestsLaunchTests.swift in Sources */,
			);
			runOnlyForDeploymentPostprocessing = 0;
		};
/* End PBXSourcesBuildPhase section */

/* Begin PBXTargetDependency section */
		BF63A1BF29426BCA000692CE /* PBXTargetDependency */ = {
			isa = PBXTargetDependency;
			target = BF63A1A329426BC9000692CE /* Faith'sApp */;
			targetProxy = BF63A1BE29426BCA000692CE /* PBXContainerItemProxy */;
		};
		BF63A1C929426BCA000692CE /* PBXTargetDependency */ = {
			isa = PBXTargetDependency;
			target = BF63A1A329426BC9000692CE /* Faith'sApp */;
			targetProxy = BF63A1C829426BCA000692CE /* PBXContainerItemProxy */;
		};
/* End PBXTargetDependency section */

/* Begin PBXVariantGroup section */
		BF63A1AD29426BC9000692CE /* Main.storyboard */ = {
			isa = PBXVariantGroup;
			children = (
				BF63A1AE29426BC9000692CE /* Base */,
			);
			name = Main.storyboard;
			sourceTree = "<group>";
		};
		BF63A1B529426BCA000692CE /* LaunchScreen.storyboard */ = {
			isa = PBXVariantGroup;
			children = (
				BF63A1B629426BCA000692CE /* Base */,
			);
			name = LaunchScreen.storyboard;
			sourceTree = "<group>";
		};
/* End PBXVariantGroup section */

/* Begin XCBuildConfiguration section */
		BF63A1CF29426BCA000692CE /* Debug */ = {
			isa = XCBuildConfiguration;
			buildSettings = {
				ALWAYS_SEARCH_USER_PATHS = NO;
				CLANG_ANALYZER_NONNULL = YES;
				CLANG_ANALYZER_NUMBER_OBJECT_CONVERSION = YES_AGGRESSIVE;
				CLANG_CXX_LANGUAGE_STANDARD = "gnu++20";
				CLANG_ENABLE_MODULES = YES;
				CLANG_ENABLE_OBJC_ARC = YES;
				CLANG_ENABLE_OBJC_WEAK = YES;
				CLANG_WARN_BLOCK_CAPTURE_AUTORELEASING = YES;
				CLANG_WARN_BOOL_CONVERSION = YES;
				CLANG_WARN_COMMA = YES;
				CLANG_WARN_CONSTANT_CONVERSION = YES;
				CLANG_WARN_DEPRECATED_OBJC_IMPLEMENTATIONS = YES;
				CLANG_WARN_DIRECT_OBJC_ISA_USAGE = YES_ERROR;
				CLANG_WARN_DOCUMENTATION_COMMENTS = YES;
				CLANG_WARN_EMPTY_BODY = YES;
				CLANG_WARN_ENUM_CONVERSION = YES;
				CLANG_WARN_INFINITE_RECURSION = YES;
				CLANG_WARN_INT_CONVERSION = YES;
				CLANG_WARN_NON_LITERAL_NULL_CONVERSION = YES;
				CLANG_WARN_OBJC_IMPLICIT_RETAIN_SELF = YES;
				CLANG_WARN_OBJC_LITERAL_CONVERSION = YES;
				CLANG_WARN_OBJC_ROOT_CLASS = YES_ERROR;
				CLANG_WARN_QUOTED_INCLUDE_IN_FRAMEWORK_HEADER = YES;
				CLANG_WARN_RANGE_LOOP_ANALYSIS = YES;
				CLANG_WARN_STRICT_PROTOTYPES = YES;
				CLANG_WARN_SUSPICIOUS_MOVE = YES;
				CLANG_WARN_UNGUARDED_AVAILABILITY = YES_AGGRESSIVE;
				CLANG_WARN_UNREACHABLE_CODE = YES;
				CLANG_WARN__DUPLICATE_METHOD_MATCH = YES;
				COPY_PHASE_STRIP = NO;
				DEBUG_INFORMATION_FORMAT = dwarf;
				ENABLE_STRICT_OBJC_MSGSEND = YES;
				ENABLE_TESTABILITY = YES;
				GCC_C_LANGUAGE_STANDARD = gnu11;
				GCC_DYNAMIC_NO_PIC = NO;
				GCC_NO_COMMON_BLOCKS = YES;
				GCC_OPTIMIZATION_LEVEL = 0;
				GCC_PREPROCESSOR_DEFINITIONS = (
					"DEBUG=1",
					"$(inherited)",
				);
				GCC_WARN_64_TO_32_BIT_CONVERSION = YES;
				GCC_WARN_ABOUT_RETURN_TYPE = YES_ERROR;
				GCC_WARN_UNDECLARED_SELECTOR = YES;
				GCC_WARN_UNINITIALIZED_AUTOS = YES_AGGRESSIVE;
				GCC_WARN_UNUSED_FUNCTION = YES;
				GCC_WARN_UNUSED_VARIABLE = YES;
				IPHONEOS_DEPLOYMENT_TARGET = 16.1;
				MTL_ENABLE_DEBUG_INFO = INCLUDE_SOURCE;
				MTL_FAST_MATH = YES;
				ONLY_ACTIVE_ARCH = YES;
				SDKROOT = iphoneos;
				SWIFT_ACTIVE_COMPILATION_CONDITIONS = DEBUG;
				SWIFT_OPTIMIZATION_LEVEL = "-Onone";
			};
			name = Debug;
		};
		BF63A1D029426BCA000692CE /* Release */ = {
			isa = XCBuildConfiguration;
			buildSettings = {
				ALWAYS_SEARCH_USER_PATHS = NO;
				CLANG_ANALYZER_NONNULL = YES;
				CLANG_ANALYZER_NUMBER_OBJECT_CONVERSION = YES_AGGRESSIVE;
				CLANG_CXX_LANGUAGE_STANDARD = "gnu++20";
				CLANG_ENABLE_MODULES = YES;
				CLANG_ENABLE_OBJC_ARC = YES;
				CLANG_ENABLE_OBJC_WEAK = YES;
				CLANG_WARN_BLOCK_CAPTURE_AUTORELEASING = YES;
				CLANG_WARN_BOOL_CONVERSION = YES;
				CLANG_WARN_COMMA = YES;
				CLANG_WARN_CONSTANT_CONVERSION = YES;
				CLANG_WARN_DEPRECATED_OBJC_IMPLEMENTATIONS = YES;
				CLANG_WARN_DIRECT_OBJC_ISA_USAGE = YES_ERROR;
				CLANG_WARN_DOCUMENTATION_COMMENTS = YES;
				CLANG_WARN_EMPTY_BODY = YES;
				CLANG_WARN_ENUM_CONVERSION = YES;
				CLANG_WARN_INFINITE_RECURSION = YES;
				CLANG_WARN_INT_CONVERSION = YES;
				CLANG_WARN_NON_LITERAL_NULL_CONVERSION = YES;
				CLANG_WARN_OBJC_IMPLICIT_RETAIN_SELF = YES;
				CLANG_WARN_OBJC_LITERAL_CONVERSION = YES;
				CLANG_WARN_OBJC_ROOT_CLASS = YES_ERROR;
				CLANG_WARN_QUOTED_INCLUDE_IN_FRAMEWORK_HEADER = YES;
				CLANG_WARN_RANGE_LOOP_ANALYSIS = YES;
				CLANG_WARN_STRICT_PROTOTYPES = YES;
				CLANG_WARN_SUSPICIOUS_MOVE = YES;
				CLANG_WARN_UNGUARDED_AVAILABILITY = YES_AGGRESSIVE;
				CLANG_WARN_UNREACHABLE_CODE = YES;
				CLANG_WARN__DUPLICATE_METHOD_MATCH = YES;
				COPY_PHASE_STRIP = NO;
				DEBUG_INFORMATION_FORMAT = "dwarf-with-dsym";
				ENABLE_NS_ASSERTIONS = NO;
				ENABLE_STRICT_OBJC_MSGSEND = YES;
				GCC_C_LANGUAGE_STANDARD = gnu11;
				GCC_NO_COMMON_BLOCKS = YES;
				GCC_WARN_64_TO_32_BIT_CONVERSION = YES;
				GCC_WARN_ABOUT_RETURN_TYPE = YES_ERROR;
				GCC_WARN_UNDECLARED_SELECTOR = YES;
				GCC_WARN_UNINITIALIZED_AUTOS = YES_AGGRESSIVE;
				GCC_WARN_UNUSED_FUNCTION = YES;
				GCC_WARN_UNUSED_VARIABLE = YES;
				IPHONEOS_DEPLOYMENT_TARGET = 16.1;
				MTL_ENABLE_DEBUG_INFO = NO;
				MTL_FAST_MATH = YES;
				SDKROOT = iphoneos;
				SWIFT_COMPILATION_MODE = wholemodule;
				SWIFT_OPTIMIZATION_LEVEL = "-O";
				VALIDATE_PRODUCT = YES;
			};
			name = Release;
		};
		BF63A1D229426BCA000692CE /* Debug */ = {
			isa = XCBuildConfiguration;
			buildSettings = {
				ASSETCATALOG_COMPILER_APPICON_NAME = AppIcon;
				ASSETCATALOG_COMPILER_GLOBAL_ACCENT_COLOR_NAME = AccentColor;
				CODE_SIGN_STYLE = Automatic;
				CURRENT_PROJECT_VERSION = 1;
				DEVELOPMENT_TEAM = 3368P9RZ33;
				GENERATE_INFOPLIST_FILE = YES;
				INFOPLIST_FILE = "Faith'sApp/Info.plist";
				INFOPLIST_KEY_UIApplicationSupportsIndirectInputEvents = YES;
				INFOPLIST_KEY_UILaunchStoryboardName = LaunchScreen;
				INFOPLIST_KEY_UIMainStoryboardFile = Main;
				INFOPLIST_KEY_UISupportedInterfaceOrientations_iPad = "UIInterfaceOrientationPortrait UIInterfaceOrientationPortraitUpsideDown UIInterfaceOrientationLandscapeLeft UIInterfaceOrientationLandscapeRight";
				INFOPLIST_KEY_UISupportedInterfaceOrientations_iPhone = "UIInterfaceOrientationPortrait UIInterfaceOrientationLandscapeLeft UIInterfaceOrientationLandscapeRight";
				LD_RUNPATH_SEARCH_PATHS = (
					"$(inherited)",
					"@executable_path/Frameworks",
				);
				MARKETING_VERSION = 1.0;
				PRODUCT_BUNDLE_IDENTIFIER = "wyattbodle.Faith-sApp";
				PRODUCT_NAME = "$(TARGET_NAME)";
				SWIFT_EMIT_LOC_STRINGS = YES;
				SWIFT_VERSION = 5.0;
				TARGETED_DEVICE_FAMILY = "1,2";
			};
			name = Debug;
		};
		BF63A1D329426BCA000692CE /* Release */ = {
			isa = XCBuildConfiguration;
			buildSettings = {
				ASSETCATALOG_COMPILER_APPICON_NAME = AppIcon;
				ASSETCATALOG_COMPILER_GLOBAL_ACCENT_COLOR_NAME = AccentColor;
				CODE_SIGN_STYLE = Automatic;
				CURRENT_PROJECT_VERSION = 1;
				DEVELOPMENT_TEAM = 3368P9RZ33;
				GENERATE_INFOPLIST_FILE = YES;
				INFOPLIST_FILE = "Faith'sApp/Info.plist";
				INFOPLIST_KEY_UIApplicationSupportsIndirectInputEvents = YES;
				INFOPLIST_KEY_UILaunchStoryboardName = LaunchScreen;
				INFOPLIST_KEY_UIMainStoryboardFile = Main;
				INFOPLIST_KEY_UISupportedInterfaceOrientations_iPad = "UIInterfaceOrientationPortrait UIInterfaceOrientationPortraitUpsideDown UIInterfaceOrientationLandscapeLeft UIInterfaceOrientationLandscapeRight";
				INFOPLIST_KEY_UISupportedInterfaceOrientations_iPhone = "UIInterfaceOrientationPortrait UIInterfaceOrientationLandscapeLeft UIInterfaceOrientationLandscapeRight";
				LD_RUNPATH_SEARCH_PATHS = (
					"$(inherited)",
					"@executable_path/Frameworks",
				);
				MARKETING_VERSION = 1.0;
				PRODUCT_BUNDLE_IDENTIFIER = "wyattbodle.Faith-sApp";
				PRODUCT_NAME = "$(TARGET_NAME)";
				SWIFT_EMIT_LOC_STRINGS = YES;
				SWIFT_VERSION = 5.0;
				TARGETED_DEVICE_FAMILY = "1,2";
			};
			name = Release;
		};
		BF63A1D529426BCA000692CE /* Debug */ = {
			isa = XCBuildConfiguration;
			buildSettings = {
				ALWAYS_EMBED_SWIFT_STANDARD_LIBRARIES = YES;
				BUNDLE_LOADER = "$(TEST_HOST)";
				CODE_SIGN_STYLE = Automatic;
				CURRENT_PROJECT_VERSION = 1;
				DEVELOPMENT_TEAM = 3368P9RZ33;
				GENERATE_INFOPLIST_FILE = YES;
				IPHONEOS_DEPLOYMENT_TARGET = 16.1;
				MARKETING_VERSION = 1.0;
				PRODUCT_BUNDLE_IDENTIFIER = "wyattbodle.Faith-sAppTests";
				PRODUCT_NAME = "$(TARGET_NAME)";
				SWIFT_EMIT_LOC_STRINGS = NO;
				SWIFT_VERSION = 5.0;
				TARGETED_DEVICE_FAMILY = "1,2";
				TEST_HOST = "$(BUILT_PRODUCTS_DIR)/Faith'sApp.app/$(BUNDLE_EXECUTABLE_FOLDER_PATH)/Faith'sApp";
			};
			name = Debug;
		};
		BF63A1D629426BCA000692CE /* Release */ = {
			isa = XCBuildConfiguration;
			buildSettings = {
				ALWAYS_EMBED_SWIFT_STANDARD_LIBRARIES = YES;
				BUNDLE_LOADER = "$(TEST_HOST)";
				CODE_SIGN_STYLE = Automatic;
				CURRENT_PROJECT_VERSION = 1;
				DEVELOPMENT_TEAM = 3368P9RZ33;
				GENERATE_INFOPLIST_FILE = YES;
				IPHONEOS_DEPLOYMENT_TARGET = 16.1;
				MARKETING_VERSION = 1.0;
				PRODUCT_BUNDLE_IDENTIFIER = "wyattbodle.Faith-sAppTests";
				PRODUCT_NAME = "$(TARGET_NAME)";
				SWIFT_EMIT_LOC_STRINGS = NO;
				SWIFT_VERSION = 5.0;
				TARGETED_DEVICE_FAMILY = "1,2";
				TEST_HOST = "$(BUILT_PRODUCTS_DIR)/Faith'sApp.app/$(BUNDLE_EXECUTABLE_FOLDER_PATH)/Faith'sApp";
			};
			name = Release;
		};
		BF63A1D829426BCA000692CE /* Debug */ = {
			isa = XCBuildConfiguration;
			buildSettings = {
				ALWAYS_EMBED_SWIFT_STANDARD_LIBRARIES = YES;
				CODE_SIGN_STYLE = Automatic;
				CURRENT_PROJECT_VERSION = 1;
				DEVELOPMENT_TEAM = 3368P9RZ33;
				GENERATE_INFOPLIST_FILE = YES;
				MARKETING_VERSION = 1.0;
				PRODUCT_BUNDLE_IDENTIFIER = "wyattbodle.Faith-sAppUITests";
				PRODUCT_NAME = "$(TARGET_NAME)";
				SWIFT_EMIT_LOC_STRINGS = NO;
				SWIFT_VERSION = 5.0;
				TARGETED_DEVICE_FAMILY = "1,2";
				TEST_TARGET_NAME = "Faith'sApp";
			};
			name = Debug;
		};
		BF63A1D929426BCA000692CE /* Release */ = {
			isa = XCBuildConfiguration;
			buildSettings = {
				ALWAYS_EMBED_SWIFT_STANDARD_LIBRARIES = YES;
				CODE_SIGN_STYLE = Automatic;
				CURRENT_PROJECT_VERSION = 1;
				DEVELOPMENT_TEAM = 3368P9RZ33;
				GENERATE_INFOPLIST_FILE = YES;
				MARKETING_VERSION = 1.0;
				PRODUCT_BUNDLE_IDENTIFIER = "wyattbodle.Faith-sAppUITests";
				PRODUCT_NAME = "$(TARGET_NAME)";
				SWIFT_EMIT_LOC_STRINGS = NO;
				SWIFT_VERSION = 5.0;
				TARGETED_DEVICE_FAMILY = "1,2";
				TEST_TARGET_NAME = "Faith'sApp";
			};
			name = Release;
		};
/* End XCBuildConfiguration section */

/* Begin XCConfigurationList section */
		BF63A19F29426BC9000692CE /* Build configuration list for PBXProject "Faith'sApp" */ = {
			isa = XCConfigurationList;
			buildConfigurations = (
				BF63A1CF29426BCA000692CE /* Debug */,
				BF63A1D029426BCA000692CE /* Release */,
			);
			defaultConfigurationIsVisible = 0;
			defaultConfigurationName = Release;
		};
		BF63A1D129426BCA000692CE /* Build configuration list for PBXNativeTarget "Faith'sApp" */ = {
			isa = XCConfigurationList;
			buildConfigurations = (
				BF63A1D229426BCA000692CE /* Debug */,
				BF63A1D329426BCA000692CE /* Release */,
			);
			defaultConfigurationIsVisible = 0;
			defaultConfigurationName = Release;
		};
		BF63A1D429426BCA000692CE /* Build configuration list for PBXNativeTarget "Faith'sAppTests" */ = {
			isa = XCConfigurationList;
			buildConfigurations = (
				BF63A1D529426BCA000692CE /* Debug */,
				BF63A1D629426BCA000692CE /* Release */,
			);
			defaultConfigurationIsVisible = 0;
			defaultConfigurationName = Release;
		};
		BF63A1D729426BCA000692CE /* Build configuration list for PBXNativeTarget "Faith'sAppUITests" */ = {
			isa = XCConfigurationList;
			buildConfigurations = (
				BF63A1D829426BCA000692CE /* Debug */,
				BF63A1D929426BCA000692CE /* Release */,
			);
			defaultConfigurationIsVisible = 0;
			defaultConfigurationName = Release;
		};
/* End XCConfigurationList section */

/* Begin XCVersionGroup section */
		BF63A1B029426BC9000692CE /* Faith_sApp.xcdatamodeld */ = {
			isa = XCVersionGroup;
			children = (
				BF63A1B129426BC9000692CE /* Faith_sApp.xcdatamodel */,
			);
			currentVersion = BF63A1B129426BC9000692CE /* Faith_sApp.xcdatamodel */;
			path = Faith_sApp.xcdatamodeld;
			sourceTree = "<group>";
			versionGroupType = wrapper.xcdatamodel;
		};
/* End XCVersionGroup section */
	};
	rootObject = BF63A19C29426BC9000692CE /* Project object */;
}
